// !$*UTF8*$!
{
	archiveVersion = 1;
	classes = {
	};
	objectVersion = 56;
	objects = {

/* Begin PBXBuildFile section */
		822DCE4F2C8FA0E10053C6BC /* SignatureViewApp.swift in Sources */ = {isa = PBXBuildFile; fileRef = 822DCE4E2C8FA0E10053C6BC /* SignatureViewApp.swift */; };
		822DCE512C8FA0E10053C6BC /* ContentView.swift in Sources */ = {isa = PBXBuildFile; fileRef = 822DCE502C8FA0E10053C6BC /* ContentView.swift */; };
		822DCE552C8FA0E20053C6BC /* Assets.xcassets in Resources */ = {isa = PBXBuildFile; fileRef = 822DCE542C8FA0E20053C6BC /* Assets.xcassets */; };
		822DCE582C8FA0E20053C6BC /* Preview Assets.xcassets in Resources */ = {isa = PBXBuildFile; fileRef = 822DCE572C8FA0E20053C6BC /* Preview Assets.xcassets */; };
		822DCE602C8FA14B0053C6BC /* AnimatedSignatureView.swift in Sources */ = {isa = PBXBuildFile; fileRef = 822DCE5F2C8FA14B0053C6BC /* AnimatedSignatureView.swift */; };
		822DCE642C8FA1A00053C6BC /* DIN Condensed Bold.ttf in Resources */ = {isa = PBXBuildFile; fileRef = 822DCE622C8FA1A00053C6BC /* DIN Condensed Bold.ttf */; };
		822DCE652C8FA1A00053C6BC /* Bumbbled.otf in Resources */ = {isa = PBXBuildFile; fileRef = 822DCE632C8FA1A00053C6BC /* Bumbbled.otf */; };
/* End PBXBuildFile section */

/* Begin PBXFileReference section */
		822DCE4B2C8FA0E10053C6BC /* SignatureView.app */ = {isa = PBXFileReference; explicitFileType = wrapper.application; includeInIndex = 0; path = SignatureView.app; sourceTree = BUILT_PRODUCTS_DIR; };
		822DCE4E2C8FA0E10053C6BC /* SignatureViewApp.swift */ = {isa = PBXFileReference; lastKnownFileType = sourcecode.swift; path = SignatureViewApp.swift; sourceTree = "<group>"; };
		822DCE502C8FA0E10053C6BC /* ContentView.swift */ = {isa = PBXFileReference; lastKnownFileType = sourcecode.swift; path = ContentView.swift; sourceTree = "<group>"; };
		822DCE542C8FA0E20053C6BC /* Assets.xcassets */ = {isa = PBXFileReference; lastKnownFileType = folder.assetcatalog; path = Assets.xcassets; sourceTree = "<group>"; };
		822DCE572C8FA0E20053C6BC /* Preview Assets.xcassets */ = {isa = PBXFileReference; lastKnownFileType = folder.assetcatalog; path = "Preview Assets.xcassets"; sourceTree = "<group>"; };
		822DCE5F2C8FA14B0053C6BC /* AnimatedSignatureView.swift */ = {isa = PBXFileReference; lastKnownFileType = sourcecode.swift; path = AnimatedSignatureView.swift; sourceTree = "<group>"; };
		822DCE622C8FA1A00053C6BC /* DIN Condensed Bold.ttf */ = {isa = PBXFileReference; lastKnownFileType = file; path = "DIN Condensed Bold.ttf"; sourceTree = "<group>"; };
		822DCE632C8FA1A00053C6BC /* Bumbbled.otf */ = {isa = PBXFileReference; lastKnownFileType = file; path = Bumbbled.otf; sourceTree = "<group>"; };
		822DCE662C8FA1D60053C6BC /* Info.plist */ = {isa = PBXFileReference; lastKnownFileType = text.plist; path = Info.plist; sourceTree = "<group>"; };
/* End PBXFileReference section */

/* Begin PBXFrameworksBuildPhase section */
		822DCE482C8FA0E10053C6BC /* Frameworks */ = {
			isa = PBXFrameworksBuildPhase;
			buildActionMask = 2147483647;
			files = (
			);
			runOnlyForDeploymentPostprocessing = 0;
		};
/* End PBXFrameworksBuildPhase section */

/* Begin PBXGroup section */
		822DCE422C8FA0E10053C6BC = {
			isa = PBXGroup;
			children = (
				822DCE4D2C8FA0E10053C6BC /* SignatureView */,
				822DCE4C2C8FA0E10053C6BC /* Products */,
			);
			sourceTree = "<group>";
		};
		822DCE4C2C8FA0E10053C6BC /* Products */ = {
			isa = PBXGroup;
			children = (
				822DCE4B2C8FA0E10053C6BC /* SignatureView.app */,
			);
			name = Products;
			sourceTree = "<group>";
		};
		822DCE4D2C8FA0E10053C6BC /* SignatureView */ = {
			isa = PBXGroup;
			children = (
				822DCE662C8FA1D60053C6BC /* Info.plist */,
				822DCE612C8FA1810053C6BC /* Fonts */,
				822DCE5E2C8FA1340053C6BC /* Component */,
				822DCE4E2C8FA0E10053C6BC /* SignatureViewApp.swift */,
				822DCE502C8FA0E10053C6BC /* ContentView.swift */,
				822DCE542C8FA0E20053C6BC /* Assets.xcassets */,
				822DCE562C8FA0E20053C6BC /* Preview Content */,
			);
			path = SignatureView;
			sourceTree = "<group>";
		};
		822DCE562C8FA0E20053C6BC /* Preview Content */ = {
			isa = PBXGroup;
			children = (
				822DCE572C8FA0E20053C6BC /* Preview Assets.xcassets */,
			);
			path = "Preview Content";
			sourceTree = "<group>";
		};
		822DCE5E2C8FA1340053C6BC /* Component */ = {
			isa = PBXGroup;
			children = (
				822DCE5F2C8FA14B0053C6BC /* AnimatedSignatureView.swift */,
			);
			path = Component;
			sourceTree = "<group>";
		};
		822DCE612C8FA1810053C6BC /* Fonts */ = {
			isa = PBXGroup;
			children = (
				822DCE632C8FA1A00053C6BC /* Bumbbled.otf */,
				822DCE622C8FA1A00053C6BC /* DIN Condensed Bold.ttf */,
			);
			path = Fonts;
			sourceTree = "<group>";
		};
/* End PBXGroup section */

/* Begin PBXNativeTarget section */
		822DCE4A2C8FA0E10053C6BC /* SignatureView */ = {
			isa = PBXNativeTarget;
			buildConfigurationList = 822DCE5B2C8FA0E20053C6BC /* Build configuration list for PBXNativeTarget "SignatureView" */;
			buildPhases = (
				822DCE472C8FA0E10053C6BC /* Sources */,
				822DCE482C8FA0E10053C6BC /* Frameworks */,
				822DCE492C8FA0E10053C6BC /* Resources */,
			);
			buildRules = (
			);
			dependencies = (
			);
			name = SignatureView;
			productName = SignatureView;
			productReference = 822DCE4B2C8FA0E10053C6BC /* SignatureView.app */;
			productType = "com.apple.product-type.application";
		};
/* End PBXNativeTarget section */

/* Begin PBXProject section */
		822DCE432C8FA0E10053C6BC /* Project object */ = {
			isa = PBXProject;
			attributes = {
				BuildIndependentTargetsInParallel = 1;
				LastSwiftUpdateCheck = 1530;
				LastUpgradeCheck = 1530;
				TargetAttributes = {
					822DCE4A2C8FA0E10053C6BC = {
						CreatedOnToolsVersion = 15.3;
					};
				};
			};
			buildConfigurationList = 822DCE462C8FA0E10053C6BC /* Build configuration list for PBXProject "SignatureView" */;
			compatibilityVersion = "Xcode 14.0";
			developmentRegion = en;
			hasScannedForEncodings = 0;
			knownRegions = (
				en,
				Base,
			);
			mainGroup = 822DCE422C8FA0E10053C6BC;
			productRefGroup = 822DCE4C2C8FA0E10053C6BC /* Products */;
			projectDirPath = "";
			projectRoot = "";
			targets = (
				822DCE4A2C8FA0E10053C6BC /* SignatureView */,
			);
		};
/* End PBXProject section */

/* Begin PBXResourcesBuildPhase section */
		822DCE492C8FA0E10053C6BC /* Resources */ = {
			isa = PBXResourcesBuildPhase;
			buildActionMask = 2147483647;
			files = (
				822DCE652C8FA1A00053C6BC /* Bumbbled.otf in Resources */,
				822DCE582C8FA0E20053C6BC /* Preview Assets.xcassets in Resources */,
				822DCE552C8FA0E20053C6BC /* Assets.xcassets in Resources */,
				822DCE642C8FA1A00053C6BC /* DIN Condensed Bold.ttf in Resources */,
			);
			runOnlyForDeploymentPostprocessing = 0;
		};
/* End PBXResourcesBuildPhase section */

/* Begin PBXSourcesBuildPhase section */
		822DCE472C8FA0E10053C6BC /* Sources */ = {
			isa = PBXSourcesBuildPhase;
			buildActionMask = 2147483647;
			files = (
				822DCE512C8FA0E10053C6BC /* ContentView.swift in Sources */,
				822DCE602C8FA14B0053C6BC /* AnimatedSignatureView.swift in Sources */,
				822DCE4F2C8FA0E10053C6BC /* SignatureViewApp.swift in Sources */,
			);
			runOnlyForDeploymentPostprocessing = 0;
		};
/* End PBXSourcesBuildPhase section */

/* Begin XCBuildConfiguration section */
		822DCE592C8FA0E20053C6BC /* Debug */ = {
			isa = XCBuildConfiguration;
			buildSettings = {
				ALWAYS_SEARCH_USER_PATHS = NO;
				ASSETCATALOG_COMPILER_GENERATE_SWIFT_ASSET_SYMBOL_EXTENSIONS = YES;
				CLANG_ANALYZER_NONNULL = YES;
				CLANG_ANALYZER_NUMBER_OBJECT_CONVERSION = YES_AGGRESSIVE;
				CLANG_CXX_LANGUAGE_STANDARD = "gnu++20";
				CLANG_ENABLE_MODULES = YES;
				CLANG_ENABLE_OBJC_ARC = YES;
				CLANG_ENABLE_OBJC_WEAK = YES;
				CLANG_WARN_BLOCK_CAPTURE_AUTORELEASING = YES;
				CLANG_WARN_BOOL_CONVERSION = YES;
				CLANG_WARN_COMMA = YES;
				CLANG_WARN_CONSTANT_CONVERSION = YES;
				CLANG_WARN_DEPRECATED_OBJC_IMPLEMENTATIONS = YES;
				CLANG_WARN_DIRECT_OBJC_ISA_USAGE = YES_ERROR;
				CLANG_WARN_DOCUMENTATION_COMMENTS = YES;
				CLANG_WARN_EMPTY_BODY = YES;
				CLANG_WARN_ENUM_CONVERSION = YES;
				CLANG_WARN_INFINITE_RECURSION = YES;
				CLANG_WARN_INT_CONVERSION = YES;
				CLANG_WARN_NON_LITERAL_NULL_CONVERSION = YES;
				CLANG_WARN_OBJC_IMPLICIT_RETAIN_SELF = YES;
				CLANG_WARN_OBJC_LITERAL_CONVERSION = YES;
				CLANG_WARN_OBJC_ROOT_CLASS = YES_ERROR;
				CLANG_WARN_QUOTED_INCLUDE_IN_FRAMEWORK_HEADER = YES;
				CLANG_WARN_RANGE_LOOP_ANALYSIS = YES;
				CLANG_WARN_STRICT_PROTOTYPES = YES;
				CLANG_WARN_SUSPICIOUS_MOVE = YES;
				CLANG_WARN_UNGUARDED_AVAILABILITY = YES_AGGRESSIVE;
				CLANG_WARN_UNREACHABLE_CODE = YES;
				CLANG_WARN__DUPLICATE_METHOD_MATCH = YES;
				COPY_PHASE_STRIP = NO;
				DEBUG_INFORMATION_FORMAT = dwarf;
				ENABLE_STRICT_OBJC_MSGSEND = YES;
				ENABLE_TESTABILITY = YES;
				ENABLE_USER_SCRIPT_SANDBOXING = YES;
				GCC_C_LANGUAGE_STANDARD = gnu17;
				GCC_DYNAMIC_NO_PIC = NO;
				GCC_NO_COMMON_BLOCKS = YES;
				GCC_OPTIMIZATION_LEVEL = 0;
				GCC_PREPROCESSOR_DEFINITIONS = (
					"DEBUG=1",
					"$(inherited)",
				);
				GCC_WARN_64_TO_32_BIT_CONVERSION = YES;
				GCC_WARN_ABOUT_RETURN_TYPE = YES_ERROR;
				GCC_WARN_UNDECLARED_SELECTOR = YES;
				GCC_WARN_UNINITIALIZED_AUTOS = YES_AGGRESSIVE;
				GCC_WARN_UNUSED_FUNCTION = YES;
				GCC_WARN_UNUSED_VARIABLE = YES;
				IPHONEOS_DEPLOYMENT_TARGET = 17.4;
				LOCALIZATION_PREFERS_STRING_CATALOGS = YES;
				MTL_ENABLE_DEBUG_INFO = INCLUDE_SOURCE;
				MTL_FAST_MATH = YES;
				ONLY_ACTIVE_ARCH = YES;
				SDKROOT = iphoneos;
				SWIFT_ACTIVE_COMPILATION_CONDITIONS = "DEBUG $(inherited)";
				SWIFT_OPTIMIZATION_LEVEL = "-Onone";
			};
			name = Debug;
		};
		822DCE5A2C8FA0E20053C6BC /* Release */ = {
			isa = XCBuildConfiguration;
			buildSettings = {
				ALWAYS_SEARCH_USER_PATHS = NO;
				ASSETCATALOG_COMPILER_GENERATE_SWIFT_ASSET_SYMBOL_EXTENSIONS = YES;
				CLANG_ANALYZER_NONNULL = YES;
				CLANG_ANALYZER_NUMBER_OBJECT_CONVERSION = YES_AGGRESSIVE;
				CLANG_CXX_LANGUAGE_STANDARD = "gnu++20";
				CLANG_ENABLE_MODULES = YES;
				CLANG_ENABLE_OBJC_ARC = YES;
				CLANG_ENABLE_OBJC_WEAK = YES;
				CLANG_WARN_BLOCK_CAPTURE_AUTORELEASING = YES;
				CLANG_WARN_BOOL_CONVERSION = YES;
				CLANG_WARN_COMMA = YES;
				CLANG_WARN_CONSTANT_CONVERSION = YES;
				CLANG_WARN_DEPRECATED_OBJC_IMPLEMENTATIONS = YES;
				CLANG_WARN_DIRECT_OBJC_ISA_USAGE = YES_ERROR;
				CLANG_WARN_DOCUMENTATION_COMMENTS = YES;
				CLANG_WARN_EMPTY_BODY = YES;
				CLANG_WARN_ENUM_CONVERSION = YES;
				CLANG_WARN_INFINITE_RECURSION = YES;
				CLANG_WARN_INT_CONVERSION = YES;
				CLANG_WARN_NON_LITERAL_NULL_CONVERSION = YES;
				CLANG_WARN_OBJC_IMPLICIT_RETAIN_SELF = YES;
				CLANG_WARN_OBJC_LITERAL_CONVERSION = YES;
				CLANG_WARN_OBJC_ROOT_CLASS = YES_ERROR;
				CLANG_WARN_QUOTED_INCLUDE_IN_FRAMEWORK_HEADER = YES;
				CLANG_WARN_RANGE_LOOP_ANALYSIS = YES;
				CLANG_WARN_STRICT_PROTOTYPES = YES;
				CLANG_WARN_SUSPICIOUS_MOVE = YES;
				CLANG_WARN_UNGUARDED_AVAILABILITY = YES_AGGRESSIVE;
				CLANG_WARN_UNREACHABLE_CODE = YES;
				CLANG_WARN__DUPLICATE_METHOD_MATCH = YES;
				COPY_PHASE_STRIP = NO;
				DEBUG_INFORMATION_FORMAT = "dwarf-with-dsym";
				ENABLE_NS_ASSERTIONS = NO;
				ENABLE_STRICT_OBJC_MSGSEND = YES;
				ENABLE_USER_SCRIPT_SANDBOXING = YES;
				GCC_C_LANGUAGE_STANDARD = gnu17;
				GCC_NO_COMMON_BLOCKS = YES;
				GCC_WARN_64_TO_32_BIT_CONVERSION = YES;
				GCC_WARN_ABOUT_RETURN_TYPE = YES_ERROR;
				GCC_WARN_UNDECLARED_SELECTOR = YES;
				GCC_WARN_UNINITIALIZED_AUTOS = YES_AGGRESSIVE;
				GCC_WARN_UNUSED_FUNCTION = YES;
				GCC_WARN_UNUSED_VARIABLE = YES;
				IPHONEOS_DEPLOYMENT_TARGET = 17.4;
				LOCALIZATION_PREFERS_STRING_CATALOGS = YES;
				MTL_ENABLE_DEBUG_INFO = NO;
				MTL_FAST_MATH = YES;
				SDKROOT = iphoneos;
				SWIFT_COMPILATION_MODE = wholemodule;
				VALIDATE_PRODUCT = YES;
			};
			name = Release;
		};
		822DCE5C2C8FA0E20053C6BC /* Debug */ = {
			isa = XCBuildConfiguration;
			buildSettings = {
				ASSETCATALOG_COMPILER_APPICON_NAME = AppIcon;
				ASSETCATALOG_COMPILER_GLOBAL_ACCENT_COLOR_NAME = AccentColor;
				CODE_SIGN_STYLE = Automatic;
				CURRENT_PROJECT_VERSION = 1;
				DEVELOPMENT_ASSET_PATHS = "\"SignatureView/Preview Content\"";
				DEVELOPMENT_TEAM = 4G2C9E47RS;
				ENABLE_PREVIEWS = YES;
				GENERATE_INFOPLIST_FILE = YES;
				INFOPLIST_FILE = SignatureView/Info.plist;
				INFOPLIST_KEY_UIApplicationSceneManifest_Generation = YES;
				INFOPLIST_KEY_UIApplicationSupportsIndirectInputEvents = YES;
				INFOPLIST_KEY_UILaunchScreen_Generation = YES;
				INFOPLIST_KEY_UISupportedInterfaceOrientations_iPad = "UIInterfaceOrientationPortrait UIInterfaceOrientationPortraitUpsideDown UIInterfaceOrientationLandscapeLeft UIInterfaceOrientationLandscapeRight";
				INFOPLIST_KEY_UISupportedInterfaceOrientations_iPhone = "UIInterfaceOrientationPortrait UIInterfaceOrientationLandscapeLeft UIInterfaceOrientationLandscapeRight";
				LD_RUNPATH_SEARCH_PATHS = (
					"$(inherited)",
					"@executable_path/Frameworks",
				);
				MARKETING_VERSION = 1.0;
				PRODUCT_BUNDLE_IDENTIFIER = com.gustavocosme.SignatureView;
				PRODUCT_NAME = "$(TARGET_NAME)";
				SWIFT_EMIT_LOC_STRINGS = YES;
				SWIFT_VERSION = 5.0;
				TARGETED_DEVICE_FAMILY = "1,2";
			};
			name = Debug;
		};
		822DCE5D2C8FA0E20053C6BC /* Release */ = {
			isa = XCBuildConfiguration;
			buildSettings = {
				ASSETCATALOG_COMPILER_APPICON_NAME = AppIcon;
				ASSETCATALOG_COMPILER_GLOBAL_ACCENT_COLOR_NAME = AccentColor;
				CODE_SIGN_STYLE = Automatic;
				CURRENT_PROJECT_VERSION = 1;
				DEVELOPMENT_ASSET_PATHS = "\"SignatureView/Preview Content\"";
				DEVELOPMENT_TEAM = 4G2C9E47RS;
				ENABLE_PREVIEWS = YES;
				GENERATE_INFOPLIST_FILE = YES;
				INFOPLIST_FILE = SignatureView/Info.plist;
				INFOPLIST_KEY_UIApplicationSceneManifest_Generation = YES;
				INFOPLIST_KEY_UIApplicationSupportsIndirectInputEvents = YES;
				INFOPLIST_KEY_UILaunchScreen_Generation = YES;
				INFOPLIST_KEY_UISupportedInterfaceOrientations_iPad = "UIInterfaceOrientationPortrait UIInterfaceOrientationPortraitUpsideDown UIInterfaceOrientationLandscapeLeft UIInterfaceOrientationLandscapeRight";
				INFOPLIST_KEY_UISupportedInterfaceOrientations_iPhone = "UIInterfaceOrientationPortrait UIInterfaceOrientationLandscapeLeft UIInterfaceOrientationLandscapeRight";
				LD_RUNPATH_SEARCH_PATHS = (
					"$(inherited)",
					"@executable_path/Frameworks",
				);
				MARKETING_VERSION = 1.0;
				PRODUCT_BUNDLE_IDENTIFIER = com.gustavocosme.SignatureView;
				PRODUCT_NAME = "$(TARGET_NAME)";
				SWIFT_EMIT_LOC_STRINGS = YES;
				SWIFT_VERSION = 5.0;
				TARGETED_DEVICE_FAMILY = "1,2";
			};
			name = Release;
		};
/* End XCBuildConfiguration section */

/* Begin XCConfigurationList section */
		822DCE462C8FA0E10053C6BC /* Build configuration list for PBXProject "SignatureView" */ = {
			isa = XCConfigurationList;
			buildConfigurations = (
				822DCE592C8FA0E20053C6BC /* Debug */,
				822DCE5A2C8FA0E20053C6BC /* Release */,
			);
			defaultConfigurationIsVisible = 0;
			defaultConfigurationName = Release;
		};
		822DCE5B2C8FA0E20053C6BC /* Build configuration list for PBXNativeTarget "SignatureView" */ = {
			isa = XCConfigurationList;
			buildConfigurations = (
				822DCE5C2C8FA0E20053C6BC /* Debug */,
				822DCE5D2C8FA0E20053C6BC /* Release */,
			);
			defaultConfigurationIsVisible = 0;
			defaultConfigurationName = Release;
		};
/* End XCConfigurationList section */
	};
	rootObject = 822DCE432C8FA0E10053C6BC /* Project object */;
}
